// !$*UTF8*$!
{
	archiveVersion = 1;
	classes = {
	};
	objectVersion = 46;
	objects = {

/* Begin PBXBuildFile section */
		52DAEB0B1E8596D500213605 /* AppDelegate.swift in Sources */ = {isa = PBXBuildFile; fileRef = 52DAEB0A1E8596D500213605 /* AppDelegate.swift */; };
		52DAEB0D1E8596D500213605 /* ViewController.swift in Sources */ = {isa = PBXBuildFile; fileRef = 52DAEB0C1E8596D500213605 /* ViewController.swift */; };
		52DAEB101E8596D500213605 /* Main.storyboard in Resources */ = {isa = PBXBuildFile; fileRef = 52DAEB0E1E8596D500213605 /* Main.storyboard */; };
		52DAEB121E8596D500213605 /* Assets.xcassets in Resources */ = {isa = PBXBuildFile; fileRef = 52DAEB111E8596D500213605 /* Assets.xcassets */; };
		52DAEB151E8596D500213605 /* LaunchScreen.storyboard in Resources */ = {isa = PBXBuildFile; fileRef = 52DAEB131E8596D500213605 /* LaunchScreen.storyboard */; };
		52DAEB1A1E8596D600213605 /* eAplikacja+ WatchKit App.app in Embed Watch Content */ = {isa = PBXBuildFile; fileRef = 52DAEB191E8596D600213605 /* eAplikacja+ WatchKit App.app */; };
		52DAEB201E8596D600213605 /* Interface.storyboard in Resources */ = {isa = PBXBuildFile; fileRef = 52DAEB1E1E8596D600213605 /* Interface.storyboard */; };
		52DAEB221E8596D600213605 /* Assets.xcassets in Resources */ = {isa = PBXBuildFile; fileRef = 52DAEB211E8596D600213605 /* Assets.xcassets */; };
		52DAEB291E8596D600213605 /* eAplikacja+ WatchKit Extension.appex in Embed App Extensions */ = {isa = PBXBuildFile; fileRef = 52DAEB281E8596D600213605 /* eAplikacja+ WatchKit Extension.appex */; settings = {ATTRIBUTES = (RemoveHeadersOnCopy, ); }; };
		52DAEB301E8596D600213605 /* InterfaceController.swift in Sources */ = {isa = PBXBuildFile; fileRef = 52DAEB2F1E8596D600213605 /* InterfaceController.swift */; };
		52DAEB321E8596D600213605 /* ExtensionDelegate.swift in Sources */ = {isa = PBXBuildFile; fileRef = 52DAEB311E8596D600213605 /* ExtensionDelegate.swift */; };
		52DAEB341E8596D600213605 /* NotificationController.swift in Sources */ = {isa = PBXBuildFile; fileRef = 52DAEB331E8596D600213605 /* NotificationController.swift */; };
		52DAEB361E8596D600213605 /* Assets.xcassets in Resources */ = {isa = PBXBuildFile; fileRef = 52DAEB351E8596D600213605 /* Assets.xcassets */; };
/* End PBXBuildFile section */

/* Begin PBXContainerItemProxy section */
		52DAEB1B1E8596D600213605 /* PBXContainerItemProxy */ = {
			isa = PBXContainerItemProxy;
			containerPortal = 52DAEAFF1E8596D500213605 /* Project object */;
			proxyType = 1;
			remoteGlobalIDString = 52DAEB181E8596D600213605;
			remoteInfo = "eAplikacja+ WatchKit App";
		};
		52DAEB2A1E8596D600213605 /* PBXContainerItemProxy */ = {
			isa = PBXContainerItemProxy;
			containerPortal = 52DAEAFF1E8596D500213605 /* Project object */;
			proxyType = 1;
			remoteGlobalIDString = 52DAEB271E8596D600213605;
			remoteInfo = "eAplikacja+ WatchKit Extension";
		};
/* End PBXContainerItemProxy section */

/* Begin PBXCopyFilesBuildPhase section */
		52DAEB3D1E8596D600213605 /* Embed App Extensions */ = {
			isa = PBXCopyFilesBuildPhase;
			buildActionMask = 2147483647;
			dstPath = "";
			dstSubfolderSpec = 13;
			files = (
				52DAEB291E8596D600213605 /* eAplikacja+ WatchKit Extension.appex in Embed App Extensions */,
			);
			name = "Embed App Extensions";
			runOnlyForDeploymentPostprocessing = 0;
		};
		52DAEB411E8596D600213605 /* Embed Watch Content */ = {
			isa = PBXCopyFilesBuildPhase;
			buildActionMask = 2147483647;
			dstPath = "$(CONTENTS_FOLDER_PATH)/Watch";
			dstSubfolderSpec = 16;
			files = (
				52DAEB1A1E8596D600213605 /* eAplikacja+ WatchKit App.app in Embed Watch Content */,
			);
			name = "Embed Watch Content";
			runOnlyForDeploymentPostprocessing = 0;
		};
/* End PBXCopyFilesBuildPhase section */

/* Begin PBXFileReference section */
		52DAEB071E8596D500213605 /* eAplikacja+.app */ = {isa = PBXFileReference; explicitFileType = wrapper.application; includeInIndex = 0; path = "eAplikacja+.app"; sourceTree = BUILT_PRODUCTS_DIR; };
		52DAEB0A1E8596D500213605 /* AppDelegate.swift */ = {isa = PBXFileReference; lastKnownFileType = sourcecode.swift; path = AppDelegate.swift; sourceTree = "<group>"; };
		52DAEB0C1E8596D500213605 /* ViewController.swift */ = {isa = PBXFileReference; lastKnownFileType = sourcecode.swift; path = ViewController.swift; sourceTree = "<group>"; };
		52DAEB0F1E8596D500213605 /* Base */ = {isa = PBXFileReference; lastKnownFileType = file.storyboard; name = Base; path = Base.lproj/Main.storyboard; sourceTree = "<group>"; };
		52DAEB111E8596D500213605 /* Assets.xcassets */ = {isa = PBXFileReference; lastKnownFileType = folder.assetcatalog; path = Assets.xcassets; sourceTree = "<group>"; };
		52DAEB141E8596D500213605 /* Base */ = {isa = PBXFileReference; lastKnownFileType = file.storyboard; name = Base; path = Base.lproj/LaunchScreen.storyboard; sourceTree = "<group>"; };
		52DAEB161E8596D500213605 /* Info.plist */ = {isa = PBXFileReference; lastKnownFileType = text.plist.xml; path = Info.plist; sourceTree = "<group>"; };
		52DAEB191E8596D600213605 /* eAplikacja+ WatchKit App.app */ = {isa = PBXFileReference; explicitFileType = wrapper.application; includeInIndex = 0; path = "eAplikacja+ WatchKit App.app"; sourceTree = BUILT_PRODUCTS_DIR; };
		52DAEB1F1E8596D600213605 /* Base */ = {isa = PBXFileReference; lastKnownFileType = file.storyboard; name = Base; path = Base.lproj/Interface.storyboard; sourceTree = "<group>"; };
		52DAEB211E8596D600213605 /* Assets.xcassets */ = {isa = PBXFileReference; lastKnownFileType = folder.assetcatalog; path = Assets.xcassets; sourceTree = "<group>"; };
		52DAEB231E8596D600213605 /* Info.plist */ = {isa = PBXFileReference; lastKnownFileType = text.plist.xml; path = Info.plist; sourceTree = "<group>"; };
		52DAEB281E8596D600213605 /* eAplikacja+ WatchKit Extension.appex */ = {isa = PBXFileReference; explicitFileType = "wrapper.app-extension"; includeInIndex = 0; path = "eAplikacja+ WatchKit Extension.appex"; sourceTree = BUILT_PRODUCTS_DIR; };
		52DAEB2E1E8596D600213605 /* PushNotificationPayload.apns */ = {isa = PBXFileReference; lastKnownFileType = text; path = PushNotificationPayload.apns; sourceTree = "<group>"; };
		52DAEB2F1E8596D600213605 /* InterfaceController.swift */ = {isa = PBXFileReference; lastKnownFileType = sourcecode.swift; path = InterfaceController.swift; sourceTree = "<group>"; };
		52DAEB311E8596D600213605 /* ExtensionDelegate.swift */ = {isa = PBXFileReference; lastKnownFileType = sourcecode.swift; path = ExtensionDelegate.swift; sourceTree = "<group>"; };
		52DAEB331E8596D600213605 /* NotificationController.swift */ = {isa = PBXFileReference; lastKnownFileType = sourcecode.swift; path = NotificationController.swift; sourceTree = "<group>"; };
		52DAEB351E8596D600213605 /* Assets.xcassets */ = {isa = PBXFileReference; lastKnownFileType = folder.assetcatalog; path = Assets.xcassets; sourceTree = "<group>"; };
		52DAEB371E8596D600213605 /* Info.plist */ = {isa = PBXFileReference; lastKnownFileType = text.plist.xml; path = Info.plist; sourceTree = "<group>"; };
/* End PBXFileReference section */

/* Begin PBXFrameworksBuildPhase section */
		52DAEB041E8596D500213605 /* Frameworks */ = {
			isa = PBXFrameworksBuildPhase;
			buildActionMask = 2147483647;
			files = (
			);
			runOnlyForDeploymentPostprocessing = 0;
		};
		52DAEB251E8596D600213605 /* Frameworks */ = {
			isa = PBXFrameworksBuildPhase;
			buildActionMask = 2147483647;
			files = (
			);
			runOnlyForDeploymentPostprocessing = 0;
		};
/* End PBXFrameworksBuildPhase section */

/* Begin PBXGroup section */
		52DAEAFE1E8596D500213605 = {
			isa = PBXGroup;
			children = (
				52DAEB091E8596D500213605 /* eAplikacja+ */,
				52DAEB1D1E8596D600213605 /* eAplikacja+ WatchKit App */,
				52DAEB2C1E8596D600213605 /* eAplikacja+ WatchKit Extension */,
				52DAEB081E8596D500213605 /* Products */,
			);
			sourceTree = "<group>";
		};
		52DAEB081E8596D500213605 /* Products */ = {
			isa = PBXGroup;
			children = (
				52DAEB071E8596D500213605 /* eAplikacja+.app */,
				52DAEB191E8596D600213605 /* eAplikacja+ WatchKit App.app */,
				52DAEB281E8596D600213605 /* eAplikacja+ WatchKit Extension.appex */,
			);
			name = Products;
			sourceTree = "<group>";
		};
		52DAEB091E8596D500213605 /* eAplikacja+ */ = {
			isa = PBXGroup;
			children = (
				52DAEB0A1E8596D500213605 /* AppDelegate.swift */,
				52DAEB0C1E8596D500213605 /* ViewController.swift */,
				52DAEB0E1E8596D500213605 /* Main.storyboard */,
				52DAEB111E8596D500213605 /* Assets.xcassets */,
				52DAEB131E8596D500213605 /* LaunchScreen.storyboard */,
				52DAEB161E8596D500213605 /* Info.plist */,
			);
			path = "eAplikacja+";
			sourceTree = "<group>";
		};
		52DAEB1D1E8596D600213605 /* eAplikacja+ WatchKit App */ = {
			isa = PBXGroup;
			children = (
				52DAEB1E1E8596D600213605 /* Interface.storyboard */,
				52DAEB211E8596D600213605 /* Assets.xcassets */,
				52DAEB231E8596D600213605 /* Info.plist */,
			);
			path = "eAplikacja+ WatchKit App";
			sourceTree = "<group>";
		};
		52DAEB2C1E8596D600213605 /* eAplikacja+ WatchKit Extension */ = {
			isa = PBXGroup;
			children = (
				52DAEB2F1E8596D600213605 /* InterfaceController.swift */,
				52DAEB311E8596D600213605 /* ExtensionDelegate.swift */,
				52DAEB331E8596D600213605 /* NotificationController.swift */,
				52DAEB351E8596D600213605 /* Assets.xcassets */,
				52DAEB371E8596D600213605 /* Info.plist */,
				52DAEB2D1E8596D600213605 /* Supporting Files */,
			);
			path = "eAplikacja+ WatchKit Extension";
			sourceTree = "<group>";
		};
		52DAEB2D1E8596D600213605 /* Supporting Files */ = {
			isa = PBXGroup;
			children = (
				52DAEB2E1E8596D600213605 /* PushNotificationPayload.apns */,
			);
			name = "Supporting Files";
			sourceTree = "<group>";
		};
/* End PBXGroup section */

/* Begin PBXNativeTarget section */
		52DAEB061E8596D500213605 /* eAplikacja+ */ = {
			isa = PBXNativeTarget;
			buildConfigurationList = 52DAEB421E8596D600213605 /* Build configuration list for PBXNativeTarget "eAplikacja+" */;
			buildPhases = (
				52DAEB031E8596D500213605 /* Sources */,
				52DAEB041E8596D500213605 /* Frameworks */,
				52DAEB051E8596D500213605 /* Resources */,
				52DAEB411E8596D600213605 /* Embed Watch Content */,
			);
			buildRules = (
			);
			dependencies = (
				52DAEB1C1E8596D600213605 /* PBXTargetDependency */,
			);
			name = "eAplikacja+";
			productName = "eAplikacja+";
			productReference = 52DAEB071E8596D500213605 /* eAplikacja+.app */;
			productType = "com.apple.product-type.application";
		};
		52DAEB181E8596D600213605 /* eAplikacja+ WatchKit App */ = {
			isa = PBXNativeTarget;
			buildConfigurationList = 52DAEB3E1E8596D600213605 /* Build configuration list for PBXNativeTarget "eAplikacja+ WatchKit App" */;
			buildPhases = (
				52DAEB171E8596D600213605 /* Resources */,
				52DAEB3D1E8596D600213605 /* Embed App Extensions */,
			);
			buildRules = (
			);
			dependencies = (
				52DAEB2B1E8596D600213605 /* PBXTargetDependency */,
			);
			name = "eAplikacja+ WatchKit App";
			productName = "eAplikacja+ WatchKit App";
			productReference = 52DAEB191E8596D600213605 /* eAplikacja+ WatchKit App.app */;
			productType = "com.apple.product-type.application.watchapp2";
		};
		52DAEB271E8596D600213605 /* eAplikacja+ WatchKit Extension */ = {
			isa = PBXNativeTarget;
			buildConfigurationList = 52DAEB3A1E8596D600213605 /* Build configuration list for PBXNativeTarget "eAplikacja+ WatchKit Extension" */;
			buildPhases = (
				52DAEB241E8596D600213605 /* Sources */,
				52DAEB251E8596D600213605 /* Frameworks */,
				52DAEB261E8596D600213605 /* Resources */,
			);
			buildRules = (
			);
			dependencies = (
			);
			name = "eAplikacja+ WatchKit Extension";
			productName = "eAplikacja+ WatchKit Extension";
			productReference = 52DAEB281E8596D600213605 /* eAplikacja+ WatchKit Extension.appex */;
			productType = "com.apple.product-type.watchkit2-extension";
		};
/* End PBXNativeTarget section */

/* Begin PBXProject section */
		52DAEAFF1E8596D500213605 /* Project object */ = {
			isa = PBXProject;
			attributes = {
				LastSwiftUpdateCheck = 0820;
				LastUpgradeCheck = 0820;
				ORGANIZATIONNAME = Lupine;
				TargetAttributes = {
					52DAEB061E8596D500213605 = {
						CreatedOnToolsVersion = 8.2.1;
						DevelopmentTeam = QQ59X865SL;
						ProvisioningStyle = Automatic;
					};
					52DAEB181E8596D600213605 = {
						CreatedOnToolsVersion = 8.2.1;
						DevelopmentTeam = QQ59X865SL;
						ProvisioningStyle = Automatic;
					};
					52DAEB271E8596D600213605 = {
						CreatedOnToolsVersion = 8.2.1;
						DevelopmentTeam = QQ59X865SL;
						ProvisioningStyle = Automatic;
					};
				};
			};
			buildConfigurationList = 52DAEB021E8596D500213605 /* Build configuration list for PBXProject "eAplikacja+" */;
			compatibilityVersion = "Xcode 3.2";
			developmentRegion = English;
			hasScannedForEncodings = 0;
			knownRegions = (
				en,
				Base,
			);
			mainGroup = 52DAEAFE1E8596D500213605;
			productRefGroup = 52DAEB081E8596D500213605 /* Products */;
			projectDirPath = "";
			projectRoot = "";
			targets = (
				52DAEB061E8596D500213605 /* eAplikacja+ */,
				52DAEB181E8596D600213605 /* eAplikacja+ WatchKit App */,
				52DAEB271E8596D600213605 /* eAplikacja+ WatchKit Extension */,
			);
		};
/* End PBXProject section */

/* Begin PBXResourcesBuildPhase section */
		52DAEB051E8596D500213605 /* Resources */ = {
			isa = PBXResourcesBuildPhase;
			buildActionMask = 2147483647;
			files = (
				52DAEB151E8596D500213605 /* LaunchScreen.storyboard in Resources */,
				52DAEB121E8596D500213605 /* Assets.xcassets in Resources */,
				52DAEB101E8596D500213605 /* Main.storyboard in Resources */,
			);
			runOnlyForDeploymentPostprocessing = 0;
		};
		52DAEB171E8596D600213605 /* Resources */ = {
			isa = PBXResourcesBuildPhase;
			buildActionMask = 2147483647;
			files = (
				52DAEB221E8596D600213605 /* Assets.xcassets in Resources */,
				52DAEB201E8596D600213605 /* Interface.storyboard in Resources */,
			);
			runOnlyForDeploymentPostprocessing = 0;
		};
		52DAEB261E8596D600213605 /* Resources */ = {
			isa = PBXResourcesBuildPhase;
			buildActionMask = 2147483647;
			files = (
				52DAEB361E8596D600213605 /* Assets.xcassets in Resources */,
			);
			runOnlyForDeploymentPostprocessing = 0;
		};
/* End PBXResourcesBuildPhase section */

/* Begin PBXSourcesBuildPhase section */
		52DAEB031E8596D500213605 /* Sources */ = {
			isa = PBXSourcesBuildPhase;
			buildActionMask = 2147483647;
			files = (
				52DAEB0D1E8596D500213605 /* ViewController.swift in Sources */,
				52DAEB0B1E8596D500213605 /* AppDelegate.swift in Sources */,
			);
			runOnlyForDeploymentPostprocessing = 0;
		};
		52DAEB241E8596D600213605 /* Sources */ = {
			isa = PBXSourcesBuildPhase;
			buildActionMask = 2147483647;
			files = (
				52DAEB341E8596D600213605 /* NotificationController.swift in Sources */,
				52DAEB321E8596D600213605 /* ExtensionDelegate.swift in Sources */,
				52DAEB301E8596D600213605 /* InterfaceController.swift in Sources */,
			);
			runOnlyForDeploymentPostprocessing = 0;
		};
/* End PBXSourcesBuildPhase section */

/* Begin PBXTargetDependency section */
		52DAEB1C1E8596D600213605 /* PBXTargetDependency */ = {
			isa = PBXTargetDependency;
			target = 52DAEB181E8596D600213605 /* eAplikacja+ WatchKit App */;
			targetProxy = 52DAEB1B1E8596D600213605 /* PBXContainerItemProxy */;
		};
		52DAEB2B1E8596D600213605 /* PBXTargetDependency */ = {
			isa = PBXTargetDependency;
			target = 52DAEB271E8596D600213605 /* eAplikacja+ WatchKit Extension */;
			targetProxy = 52DAEB2A1E8596D600213605 /* PBXContainerItemProxy */;
		};
/* End PBXTargetDependency section */

/* Begin PBXVariantGroup section */
		52DAEB0E1E8596D500213605 /* Main.storyboard */ = {
			isa = PBXVariantGroup;
			children = (
				52DAEB0F1E8596D500213605 /* Base */,
			);
			name = Main.storyboard;
			sourceTree = "<group>";
		};
		52DAEB131E8596D500213605 /* LaunchScreen.storyboard */ = {
			isa = PBXVariantGroup;
			children = (
				52DAEB141E8596D500213605 /* Base */,
			);
			name = LaunchScreen.storyboard;
			sourceTree = "<group>";
		};
		52DAEB1E1E8596D600213605 /* Interface.storyboard */ = {
			isa = PBXVariantGroup;
			children = (
				52DAEB1F1E8596D600213605 /* Base */,
			);
			name = Interface.storyboard;
			sourceTree = "<group>";
		};
/* End PBXVariantGroup section */

/* Begin XCBuildConfiguration section */
		52DAEB381E8596D600213605 /* Debug */ = {
			isa = XCBuildConfiguration;
			buildSettings = {
				ALWAYS_SEARCH_USER_PATHS = NO;
				CLANG_ANALYZER_NONNULL = YES;
				CLANG_CXX_LANGUAGE_STANDARD = "gnu++0x";
				CLANG_CXX_LIBRARY = "libc++";
				CLANG_ENABLE_MODULES = YES;
				CLANG_ENABLE_OBJC_ARC = YES;
				CLANG_WARN_BOOL_CONVERSION = YES;
				CLANG_WARN_CONSTANT_CONVERSION = YES;
				CLANG_WARN_DIRECT_OBJC_ISA_USAGE = YES_ERROR;
				CLANG_WARN_DOCUMENTATION_COMMENTS = YES;
				CLANG_WARN_EMPTY_BODY = YES;
				CLANG_WARN_ENUM_CONVERSION = YES;
				CLANG_WARN_INFINITE_RECURSION = YES;
				CLANG_WARN_INT_CONVERSION = YES;
				CLANG_WARN_OBJC_ROOT_CLASS = YES_ERROR;
				CLANG_WARN_SUSPICIOUS_MOVE = YES;
				CLANG_WARN_UNREACHABLE_CODE = YES;
				CLANG_WARN__DUPLICATE_METHOD_MATCH = YES;
				"CODE_SIGN_IDENTITY[sdk=iphoneos*]" = "iPhone Developer";
				COPY_PHASE_STRIP = NO;
				DEBUG_INFORMATION_FORMAT = dwarf;
				ENABLE_STRICT_OBJC_MSGSEND = YES;
				ENABLE_TESTABILITY = YES;
				GCC_C_LANGUAGE_STANDARD = gnu99;
				GCC_DYNAMIC_NO_PIC = NO;
				GCC_NO_COMMON_BLOCKS = YES;
				GCC_OPTIMIZATION_LEVEL = 0;
				GCC_PREPROCESSOR_DEFINITIONS = (
					"DEBUG=1",
					"$(inherited)",
				);
				GCC_WARN_64_TO_32_BIT_CONVERSION = YES;
				GCC_WARN_ABOUT_RETURN_TYPE = YES_ERROR;
				GCC_WARN_UNDECLARED_SELECTOR = YES;
				GCC_WARN_UNINITIALIZED_AUTOS = YES_AGGRESSIVE;
				GCC_WARN_UNUSED_FUNCTION = YES;
				GCC_WARN_UNUSED_VARIABLE = YES;
				IPHONEOS_DEPLOYMENT_TARGET = 10.2;
				MTL_ENABLE_DEBUG_INFO = YES;
				ONLY_ACTIVE_ARCH = YES;
				SDKROOT = iphoneos;
				SWIFT_ACTIVE_COMPILATION_CONDITIONS = DEBUG;
				SWIFT_OPTIMIZATION_LEVEL = "-Onone";
			};
			name = Debug;
		};
		52DAEB391E8596D600213605 /* Release */ = {
			isa = XCBuildConfiguration;
			buildSettings = {
				ALWAYS_SEARCH_USER_PATHS = NO;
				CLANG_ANALYZER_NONNULL = YES;
				CLANG_CXX_LANGUAGE_STANDARD = "gnu++0x";
				CLANG_CXX_LIBRARY = "libc++";
				CLANG_ENABLE_MODULES = YES;
				CLANG_ENABLE_OBJC_ARC = YES;
				CLANG_WARN_BOOL_CONVERSION = YES;
				CLANG_WARN_CONSTANT_CONVERSION = YES;
				CLANG_WARN_DIRECT_OBJC_ISA_USAGE = YES_ERROR;
				CLANG_WARN_DOCUMENTATION_COMMENTS = YES;
				CLANG_WARN_EMPTY_BODY = YES;
				CLANG_WARN_ENUM_CONVERSION = YES;
				CLANG_WARN_INFINITE_RECURSION = YES;
				CLANG_WARN_INT_CONVERSION = YES;
				CLANG_WARN_OBJC_ROOT_CLASS = YES_ERROR;
				CLANG_WARN_SUSPICIOUS_MOVE = YES;
				CLANG_WARN_UNREACHABLE_CODE = YES;
				CLANG_WARN__DUPLICATE_METHOD_MATCH = YES;
				"CODE_SIGN_IDENTITY[sdk=iphoneos*]" = "iPhone Developer";
				COPY_PHASE_STRIP = NO;
				DEBUG_INFORMATION_FORMAT = "dwarf-with-dsym";
				ENABLE_NS_ASSERTIONS = NO;
				ENABLE_STRICT_OBJC_MSGSEND = YES;
				GCC_C_LANGUAGE_STANDARD = gnu99;
				GCC_NO_COMMON_BLOCKS = YES;
				GCC_WARN_64_TO_32_BIT_CONVERSION = YES;
				GCC_WARN_ABOUT_RETURN_TYPE = YES_ERROR;
				GCC_WARN_UNDECLARED_SELECTOR = YES;
				GCC_WARN_UNINITIALIZED_AUTOS = YES_AGGRESSIVE;
				GCC_WARN_UNUSED_FUNCTION = YES;
				GCC_WARN_UNUSED_VARIABLE = YES;
				IPHONEOS_DEPLOYMENT_TARGET = 10.2;
				MTL_ENABLE_DEBUG_INFO = NO;
				SDKROOT = iphoneos;
				SWIFT_OPTIMIZATION_LEVEL = "-Owholemodule";
				VALIDATE_PRODUCT = YES;
			};
			name = Release;
		};
		52DAEB3B1E8596D600213605 /* Debug */ = {
			isa = XCBuildConfiguration;
			buildSettings = {
				ASSETCATALOG_COMPILER_COMPLICATION_NAME = Complication;
				DEVELOPMENT_TEAM = QQ59X865SL;
				INFOPLIST_FILE = "eAplikacja+ WatchKit Extension/Info.plist";
				LD_RUNPATH_SEARCH_PATHS = "$(inherited) @executable_path/Frameworks @executable_path/../../Frameworks";
				PRODUCT_BUNDLE_IDENTIFIER = "cc.lupine.eAplikacja-.watchkitapp.watchkitextension";
				PRODUCT_NAME = "${TARGET_NAME}";
				SDKROOT = watchos;
				SKIP_INSTALL = YES;
				SWIFT_VERSION = 3.0;
				TARGETED_DEVICE_FAMILY = 4;
				WATCHOS_DEPLOYMENT_TARGET = 3.1;
			};
			name = Debug;
		};
		52DAEB3C1E8596D600213605 /* Release */ = {
			isa = XCBuildConfiguration;
			buildSettings = {
				ASSETCATALOG_COMPILER_COMPLICATION_NAME = Complication;
				DEVELOPMENT_TEAM = QQ59X865SL;
				INFOPLIST_FILE = "eAplikacja+ WatchKit Extension/Info.plist";
				LD_RUNPATH_SEARCH_PATHS = "$(inherited) @executable_path/Frameworks @executable_path/../../Frameworks";
				PRODUCT_BUNDLE_IDENTIFIER = "cc.lupine.eAplikacja-.watchkitapp.watchkitextension";
				PRODUCT_NAME = "${TARGET_NAME}";
				SDKROOT = watchos;
				SKIP_INSTALL = YES;
				SWIFT_VERSION = 3.0;
				TARGETED_DEVICE_FAMILY = 4;
				WATCHOS_DEPLOYMENT_TARGET = 3.1;
			};
			name = Release;
		};
		52DAEB3F1E8596D600213605 /* Debug */ = {
			isa = XCBuildConfiguration;
			buildSettings = {
				ALWAYS_EMBED_SWIFT_STANDARD_LIBRARIES = YES;
				ASSETCATALOG_COMPILER_APPICON_NAME = AppIcon;
				DEVELOPMENT_TEAM = QQ59X865SL;
				IBSC_MODULE = eAplikacja__WatchKit_Extension;
				INFOPLIST_FILE = "eAplikacja+ WatchKit App/Info.plist";
				PRODUCT_BUNDLE_IDENTIFIER = "cc.lupine.eAplikacja-.watchkitapp";
				PRODUCT_NAME = "$(TARGET_NAME)";
				SDKROOT = watchos;
				SKIP_INSTALL = YES;
				SWIFT_VERSION = 3.0;
				TARGETED_DEVICE_FAMILY = 4;
				WATCHOS_DEPLOYMENT_TARGET = 3.1;
			};
			name = Debug;
		};
		52DAEB401E8596D600213605 /* Release */ = {
			isa = XCBuildConfiguration;
			buildSettings = {
				ALWAYS_EMBED_SWIFT_STANDARD_LIBRARIES = YES;
				ASSETCATALOG_COMPILER_APPICON_NAME = AppIcon;
				DEVELOPMENT_TEAM = QQ59X865SL;
				IBSC_MODULE = eAplikacja__WatchKit_Extension;
				INFOPLIST_FILE = "eAplikacja+ WatchKit App/Info.plist";
				PRODUCT_BUNDLE_IDENTIFIER = "cc.lupine.eAplikacja-.watchkitapp";
				PRODUCT_NAME = "$(TARGET_NAME)";
				SDKROOT = watchos;
				SKIP_INSTALL = YES;
				SWIFT_VERSION = 3.0;
				TARGETED_DEVICE_FAMILY = 4;
				WATCHOS_DEPLOYMENT_TARGET = 3.1;
			};
			name = Release;
		};
		52DAEB431E8596D600213605 /* Debug */ = {
			isa = XCBuildConfiguration;
			buildSettings = {
				ASSETCATALOG_COMPILER_APPICON_NAME = AppIcon;
				DEVELOPMENT_TEAM = QQ59X865SL;
				INFOPLIST_FILE = "eAplikacja+/Info.plist";
				LD_RUNPATH_SEARCH_PATHS = "$(inherited) @executable_path/Frameworks";
				PRODUCT_BUNDLE_IDENTIFIER = "cc.lupine.eAplikacja-";
				PRODUCT_NAME = "$(TARGET_NAME)";
				SWIFT_VERSION = 3.0;
			};
			name = Debug;
		};
		52DAEB441E8596D600213605 /* Release */ = {
			isa = XCBuildConfiguration;
			buildSettings = {
				ASSETCATALOG_COMPILER_APPICON_NAME = AppIcon;
				DEVELOPMENT_TEAM = QQ59X865SL;
				INFOPLIST_FILE = "eAplikacja+/Info.plist";
				LD_RUNPATH_SEARCH_PATHS = "$(inherited) @executable_path/Frameworks";
				PRODUCT_BUNDLE_IDENTIFIER = "cc.lupine.eAplikacja-";
				PRODUCT_NAME = "$(TARGET_NAME)";
				SWIFT_VERSION = 3.0;
			};
			name = Release;
		};
/* End XCBuildConfiguration section */

/* Begin XCConfigurationList section */
		52DAEB021E8596D500213605 /* Build configuration list for PBXProject "eAplikacja+" */ = {
			isa = XCConfigurationList;
			buildConfigurations = (
				52DAEB381E8596D600213605 /* Debug */,
				52DAEB391E8596D600213605 /* Release */,
			);
			defaultConfigurationIsVisible = 0;
			defaultConfigurationName = Release;
		};
		52DAEB3A1E8596D600213605 /* Build configuration list for PBXNativeTarget "eAplikacja+ WatchKit Extension" */ = {
			isa = XCConfigurationList;
			buildConfigurations = (
				52DAEB3B1E8596D600213605 /* Debug */,
				52DAEB3C1E8596D600213605 /* Release */,
			);
			defaultConfigurationIsVisible = 0;
		};
		52DAEB3E1E8596D600213605 /* Build configuration list for PBXNativeTarget "eAplikacja+ WatchKit App" */ = {
			isa = XCConfigurationList;
			buildConfigurations = (
				52DAEB3F1E8596D600213605 /* Debug */,
				52DAEB401E8596D600213605 /* Release */,
			);
			defaultConfigurationIsVisible = 0;
		};
		52DAEB421E8596D600213605 /* Build configuration list for PBXNativeTarget "eAplikacja+" */ = {
			isa = XCConfigurationList;
			buildConfigurations = (
				52DAEB431E8596D600213605 /* Debug */,
				52DAEB441E8596D600213605 /* Release */,
			);
			defaultConfigurationIsVisible = 0;
		};
/* End XCConfigurationList section */
	};
	rootObject = 52DAEAFF1E8596D500213605 /* Project object */;
}
